
Microsoft Visual Studio Solution File, Format Version 12.00
# Visual Studio Version 17
VisualStudioVersion = 17.6.33829.357
MinimumVisualStudioVersion = 10.0.40219.1
Project("{9A19103F-16F7-4668-BE54-9A1E7A4F7556}") = "Views", "Views.csproj", "{64436521-9291-4390-8E6C-3735A981595A}"
EndProject
Project("{FAE04EC0-301F-11D3-BF4B-00C04F79EFBC}") = "Context", "..\Context\Context.csproj", "{F860B280-8768-4886-9279-F669A115A06B}"
EndProject
Project("{FAE04EC0-301F-11D3-BF4B-00C04F79EFBC}") = "DomainClass", "..\DomainClass\DomainClass.csproj", "{FDA02628-6FC5-4E39-8B92-77F6DF3A4C37}"
EndProject
Project("{FAE04EC0-301F-11D3-BF4B-00C04F79EFBC}") = "Repositories", "..\Repositories\Repositories.csproj", "{26B667FD-3036-472C-A54F-53956C0921BB}"
EndProject
Project("{FAE04EC0-301F-11D3-BF4B-00C04F79EFBC}") = "Service", "..\Service\Service.csproj", "{71E1D737-5713-45FD-8E84-5FE063D059A2}"
EndProject
Global
	GlobalSection(SolutionConfigurationPlatforms) = preSolution
		Debug|Any CPU = Debug|Any CPU
		Release|Any CPU = Release|Any CPU
	EndGlobalSection
	GlobalSection(ProjectConfigurationPlatforms) = postSolution
		{64436521-9291-4390-8E6C-3735A981595A}.Debug|Any CPU.ActiveCfg = Debug|Any CPU
		{64436521-9291-4390-8E6C-3735A981595A}.Debug|Any CPU.Build.0 = Debug|Any CPU
		{64436521-9291-4390-8E6C-3735A981595A}.Release|Any CPU.ActiveCfg = Release|Any CPU
		{64436521-9291-4390-8E6C-3735A981595A}.Release|Any CPU.Build.0 = Release|Any CPU
		{F860B280-8768-4886-9279-F669A115A06B}.Debug|Any CPU.ActiveCfg = Debug|Any CPU
		{F860B280-8768-4886-9279-F669A115A06B}.Debug|Any CPU.Build.0 = Debug|Any CPU
		{F860B280-8768-4886-9279-F669A115A06B}.Release|Any CPU.ActiveCfg = Release|Any CPU
		{F860B280-8768-4886-9279-F669A115A06B}.Release|Any CPU.Build.0 = Release|Any CPU
		{FDA02628-6FC5-4E39-8B92-77F6DF3A4C37}.Debug|Any CPU.ActiveCfg = Debug|Any CPU
		{FDA02628-6FC5-4E39-8B92-77F6DF3A4C37}.Debug|Any CPU.Build.0 = Debug|Any CPU
		{FDA02628-6FC5-4E39-8B92-77F6DF3A4C37}.Release|Any CPU.ActiveCfg = Release|Any CPU
		{FDA02628-6FC5-4E39-8B92-77F6DF3A4C37}.Release|Any CPU.Build.0 = Release|Any CPU
		{26B667FD-3036-472C-A54F-53956C0921BB}.Debug|Any CPU.ActiveCfg = Debug|Any CPU
		{26B667FD-3036-472C-A54F-53956C0921BB}.Debug|Any CPU.Build.0 = Debug|Any CPU
		{26B667FD-3036-472C-A54F-53956C0921BB}.Release|Any CPU.ActiveCfg = Release|Any CPU
		{26B667FD-3036-472C-A54F-53956C0921BB}.Release|Any CPU.Build.0 = Release|Any CPU
		{71E1D737-5713-45FD-8E84-5FE063D059A2}.Debug|Any CPU.ActiveCfg = Debug|Any CPU
		{71E1D737-5713-45FD-8E84-5FE063D059A2}.Debug|Any CPU.Build.0 = Debug|Any CPU
		{71E1D737-5713-45FD-8E84-5FE063D059A2}.Release|Any CPU.ActiveCfg = Release|Any CPU
		{71E1D737-5713-45FD-8E84-5FE063D059A2}.Release|Any CPU.Build.0 = Release|Any CPU
	EndGlobalSection
	GlobalSection(SolutionProperties) = preSolution
		HideSolutionNode = FALSE
	EndGlobalSection
	GlobalSection(ExtensibilityGlobals) = postSolution
		SolutionGuid = {DFD2ABFE-5634-4C1B-8DC7-48088DBB5A20}
	EndGlobalSection
EndGlobal
